<Solution>
  <Project Path="TicketPlanner/TicketPlanner.csproj" Id="42ac4967-6a1b-4602-9f80-8b7945f5d736" />
  <Project Path="Work/Work.csproj" />
  <Project Path="WorkflowEngine.Blazor/WorkflowEngine.Blazor.csproj">
    <Build Solution="Debug|*" Project="false" />
  </Project>
  <Project Path="WorkflowEngine/WorkflowEngine.csproj" />
  <Project Path="WorkflowEngine.Editor/WorkflowEngine.Editor.csproj" />
  <Project Path="WorkflowEngine.Tests/WorkflowEngine.Tests.csproj" />
</Solution>
